// !$*UTF8*$!
{
	archiveVersion = 1;
	classes = {
	};
	objectVersion = 50;
	objects = {

/* Begin PBXBuildFile section */
		1F70FC2024FCE95A00FAEB6B /* AppDelegate.swift in Sources */ = {isa = PBXBuildFile; fileRef = 1F70FC1F24FCE95A00FAEB6B /* AppDelegate.swift */; };
		1F70FC2224FCE95A00FAEB6B /* SceneDelegate.swift in Sources */ = {isa = PBXBuildFile; fileRef = 1F70FC2124FCE95A00FAEB6B /* SceneDelegate.swift */; };
		1F70FC2424FCE95A00FAEB6B /* ContentView.swift in Sources */ = {isa = PBXBuildFile; fileRef = 1F70FC2324FCE95A00FAEB6B /* ContentView.swift */; };
		1F70FC2624FCE95B00FAEB6B /* Assets.xcassets in Resources */ = {isa = PBXBuildFile; fileRef = 1F70FC2524FCE95B00FAEB6B /* Assets.xcassets */; };
		1F70FC2924FCE95B00FAEB6B /* Preview Assets.xcassets in Resources */ = {isa = PBXBuildFile; fileRef = 1F70FC2824FCE95B00FAEB6B /* Preview Assets.xcassets */; };
		1F70FC2C24FCE95B00FAEB6B /* LaunchScreen.storyboard in Resources */ = {isa = PBXBuildFile; fileRef = 1F70FC2A24FCE95B00FAEB6B /* LaunchScreen.storyboard */; };
		1F70FC3724FCE95C00FAEB6B /* SwiftUIDay6Tests.swift in Sources */ = {isa = PBXBuildFile; fileRef = 1F70FC3624FCE95C00FAEB6B /* SwiftUIDay6Tests.swift */; };
		1F70FC4224FCE95C00FAEB6B /* SwiftUIDay6UITests.swift in Sources */ = {isa = PBXBuildFile; fileRef = 1F70FC4124FCE95C00FAEB6B /* SwiftUIDay6UITests.swift */; };
/* End PBXBuildFile section */

/* Begin PBXContainerItemProxy section */
		1F70FC3324FCE95C00FAEB6B /* PBXContainerItemProxy */ = {
			isa = PBXContainerItemProxy;
			containerPortal = 1F70FC1424FCE95A00FAEB6B /* Project object */;
			proxyType = 1;
			remoteGlobalIDString = 1F70FC1B24FCE95A00FAEB6B;
			remoteInfo = SwiftUIDay6;
		};
		1F70FC3E24FCE95C00FAEB6B /* PBXContainerItemProxy */ = {
			isa = PBXContainerItemProxy;
			containerPortal = 1F70FC1424FCE95A00FAEB6B /* Project object */;
			proxyType = 1;
			remoteGlobalIDString = 1F70FC1B24FCE95A00FAEB6B;
			remoteInfo = SwiftUIDay6;
		};
/* End PBXContainerItemProxy section */

/* Begin PBXFileReference section */
		1F70FC1C24FCE95A00FAEB6B /* SwiftUIDay6.app */ = {isa = PBXFileReference; explicitFileType = wrapper.application; includeInIndex = 0; path = SwiftUIDay6.app; sourceTree = BUILT_PRODUCTS_DIR; };
		1F70FC1F24FCE95A00FAEB6B /* AppDelegate.swift */ = {isa = PBXFileReference; lastKnownFileType = sourcecode.swift; path = AppDelegate.swift; sourceTree = "<group>"; };
		1F70FC2124FCE95A00FAEB6B /* SceneDelegate.swift */ = {isa = PBXFileReference; lastKnownFileType = sourcecode.swift; path = SceneDelegate.swift; sourceTree = "<group>"; };
		1F70FC2324FCE95A00FAEB6B /* ContentView.swift */ = {isa = PBXFileReference; lastKnownFileType = sourcecode.swift; path = ContentView.swift; sourceTree = "<group>"; };
		1F70FC2524FCE95B00FAEB6B /* Assets.xcassets */ = {isa = PBXFileReference; lastKnownFileType = folder.assetcatalog; path = Assets.xcassets; sourceTree = "<group>"; };
		1F70FC2824FCE95B00FAEB6B /* Preview Assets.xcassets */ = {isa = PBXFileReference; lastKnownFileType = folder.assetcatalog; path = "Preview Assets.xcassets"; sourceTree = "<group>"; };
		1F70FC2B24FCE95B00FAEB6B /* Base */ = {isa = PBXFileReference; lastKnownFileType = file.storyboard; name = Base; path = Base.lproj/LaunchScreen.storyboard; sourceTree = "<group>"; };
		1F70FC2D24FCE95B00FAEB6B /* Info.plist */ = {isa = PBXFileReference; lastKnownFileType = text.plist.xml; path = Info.plist; sourceTree = "<group>"; };
		1F70FC3224FCE95C00FAEB6B /* SwiftUIDay6Tests.xctest */ = {isa = PBXFileReference; explicitFileType = wrapper.cfbundle; includeInIndex = 0; path = SwiftUIDay6Tests.xctest; sourceTree = BUILT_PRODUCTS_DIR; };
		1F70FC3624FCE95C00FAEB6B /* SwiftUIDay6Tests.swift */ = {isa = PBXFileReference; lastKnownFileType = sourcecode.swift; path = SwiftUIDay6Tests.swift; sourceTree = "<group>"; };
		1F70FC3824FCE95C00FAEB6B /* Info.plist */ = {isa = PBXFileReference; lastKnownFileType = text.plist.xml; path = Info.plist; sourceTree = "<group>"; };
		1F70FC3D24FCE95C00FAEB6B /* SwiftUIDay6UITests.xctest */ = {isa = PBXFileReference; explicitFileType = wrapper.cfbundle; includeInIndex = 0; path = SwiftUIDay6UITests.xctest; sourceTree = BUILT_PRODUCTS_DIR; };
		1F70FC4124FCE95C00FAEB6B /* SwiftUIDay6UITests.swift */ = {isa = PBXFileReference; lastKnownFileType = sourcecode.swift; path = SwiftUIDay6UITests.swift; sourceTree = "<group>"; };
		1F70FC4324FCE95C00FAEB6B /* Info.plist */ = {isa = PBXFileReference; lastKnownFileType = text.plist.xml; path = Info.plist; sourceTree = "<group>"; };
/* End PBXFileReference section */

/* Begin PBXFrameworksBuildPhase section */
		1F70FC1924FCE95A00FAEB6B /* Frameworks */ = {
			isa = PBXFrameworksBuildPhase;
			buildActionMask = 2147483647;
			files = (
			);
			runOnlyForDeploymentPostprocessing = 0;
		};
		1F70FC2F24FCE95C00FAEB6B /* Frameworks */ = {
			isa = PBXFrameworksBuildPhase;
			buildActionMask = 2147483647;
			files = (
			);
			runOnlyForDeploymentPostprocessing = 0;
		};
		1F70FC3A24FCE95C00FAEB6B /* Frameworks */ = {
			isa = PBXFrameworksBuildPhase;
			buildActionMask = 2147483647;
			files = (
			);
			runOnlyForDeploymentPostprocessing = 0;
		};
/* End PBXFrameworksBuildPhase section */

/* Begin PBXGroup section */
		1F70FC1324FCE95A00FAEB6B = {
			isa = PBXGroup;
			children = (
				1F70FC1E24FCE95A00FAEB6B /* SwiftUIDay6 */,
				1F70FC3524FCE95C00FAEB6B /* SwiftUIDay6Tests */,
				1F70FC4024FCE95C00FAEB6B /* SwiftUIDay6UITests */,
				1F70FC1D24FCE95A00FAEB6B /* Products */,
			);
			sourceTree = "<group>";
		};
		1F70FC1D24FCE95A00FAEB6B /* Products */ = {
			isa = PBXGroup;
			children = (
				1F70FC1C24FCE95A00FAEB6B /* SwiftUIDay6.app */,
				1F70FC3224FCE95C00FAEB6B /* SwiftUIDay6Tests.xctest */,
				1F70FC3D24FCE95C00FAEB6B /* SwiftUIDay6UITests.xctest */,
			);
			name = Products;
			sourceTree = "<group>";
		};
		1F70FC1E24FCE95A00FAEB6B /* SwiftUIDay6 */ = {
			isa = PBXGroup;
			children = (
				1F70FC1F24FCE95A00FAEB6B /* AppDelegate.swift */,
				1F70FC2124FCE95A00FAEB6B /* SceneDelegate.swift */,
				1F70FC2324FCE95A00FAEB6B /* ContentView.swift */,
				1F70FC2524FCE95B00FAEB6B /* Assets.xcassets */,
				1F70FC2A24FCE95B00FAEB6B /* LaunchScreen.storyboard */,
				1F70FC2D24FCE95B00FAEB6B /* Info.plist */,
				1F70FC2724FCE95B00FAEB6B /* Preview Content */,
			);
			path = SwiftUIDay6;
			sourceTree = "<group>";
		};
		1F70FC2724FCE95B00FAEB6B /* Preview Content */ = {
			isa = PBXGroup;
			children = (
				1F70FC2824FCE95B00FAEB6B /* Preview Assets.xcassets */,
			);
			path = "Preview Content";
			sourceTree = "<group>";
		};
		1F70FC3524FCE95C00FAEB6B /* SwiftUIDay6Tests */ = {
			isa = PBXGroup;
			children = (
				1F70FC3624FCE95C00FAEB6B /* SwiftUIDay6Tests.swift */,
				1F70FC3824FCE95C00FAEB6B /* Info.plist */,
			);
			path = SwiftUIDay6Tests;
			sourceTree = "<group>";
		};
		1F70FC4024FCE95C00FAEB6B /* SwiftUIDay6UITests */ = {
			isa = PBXGroup;
			children = (
				1F70FC4124FCE95C00FAEB6B /* SwiftUIDay6UITests.swift */,
				1F70FC4324FCE95C00FAEB6B /* Info.plist */,
			);
			path = SwiftUIDay6UITests;
			sourceTree = "<group>";
		};
/* End PBXGroup section */

/* Begin PBXNativeTarget section */
		1F70FC1B24FCE95A00FAEB6B /* SwiftUIDay6 */ = {
			isa = PBXNativeTarget;
			buildConfigurationList = 1F70FC4624FCE95C00FAEB6B /* Build configuration list for PBXNativeTarget "SwiftUIDay6" */;
			buildPhases = (
				1F70FC1824FCE95A00FAEB6B /* Sources */,
				1F70FC1924FCE95A00FAEB6B /* Frameworks */,
				1F70FC1A24FCE95A00FAEB6B /* Resources */,
			);
			buildRules = (
			);
			dependencies = (
			);
			name = SwiftUIDay6;
			productName = SwiftUIDay6;
			productReference = 1F70FC1C24FCE95A00FAEB6B /* SwiftUIDay6.app */;
			productType = "com.apple.product-type.application";
		};
		1F70FC3124FCE95C00FAEB6B /* SwiftUIDay6Tests */ = {
			isa = PBXNativeTarget;
			buildConfigurationList = 1F70FC4924FCE95C00FAEB6B /* Build configuration list for PBXNativeTarget "SwiftUIDay6Tests" */;
			buildPhases = (
				1F70FC2E24FCE95C00FAEB6B /* Sources */,
				1F70FC2F24FCE95C00FAEB6B /* Frameworks */,
				1F70FC3024FCE95C00FAEB6B /* Resources */,
			);
			buildRules = (
			);
			dependencies = (
				1F70FC3424FCE95C00FAEB6B /* PBXTargetDependency */,
			);
			name = SwiftUIDay6Tests;
			productName = SwiftUIDay6Tests;
			productReference = 1F70FC3224FCE95C00FAEB6B /* SwiftUIDay6Tests.xctest */;
			productType = "com.apple.product-type.bundle.unit-test";
		};
		1F70FC3C24FCE95C00FAEB6B /* SwiftUIDay6UITests */ = {
			isa = PBXNativeTarget;
			buildConfigurationList = 1F70FC4C24FCE95C00FAEB6B /* Build configuration list for PBXNativeTarget "SwiftUIDay6UITests" */;
			buildPhases = (
				1F70FC3924FCE95C00FAEB6B /* Sources */,
				1F70FC3A24FCE95C00FAEB6B /* Frameworks */,
				1F70FC3B24FCE95C00FAEB6B /* Resources */,
			);
			buildRules = (
			);
			dependencies = (
				1F70FC3F24FCE95C00FAEB6B /* PBXTargetDependency */,
			);
			name = SwiftUIDay6UITests;
			productName = SwiftUIDay6UITests;
			productReference = 1F70FC3D24FCE95C00FAEB6B /* SwiftUIDay6UITests.xctest */;
			productType = "com.apple.product-type.bundle.ui-testing";
		};
/* End PBXNativeTarget section */

/* Begin PBXProject section */
		1F70FC1424FCE95A00FAEB6B /* Project object */ = {
			isa = PBXProject;
			attributes = {
				LastSwiftUpdateCheck = 1150;
				LastUpgradeCheck = 1150;
				ORGANIZATIONNAME = "shaikha aljenaidel";
				TargetAttributes = {
					1F70FC1B24FCE95A00FAEB6B = {
						CreatedOnToolsVersion = 11.5;
					};
					1F70FC3124FCE95C00FAEB6B = {
						CreatedOnToolsVersion = 11.5;
						TestTargetID = 1F70FC1B24FCE95A00FAEB6B;
					};
					1F70FC3C24FCE95C00FAEB6B = {
						CreatedOnToolsVersion = 11.5;
						TestTargetID = 1F70FC1B24FCE95A00FAEB6B;
					};
				};
			};
			buildConfigurationList = 1F70FC1724FCE95A00FAEB6B /* Build configuration list for PBXProject "SwiftUIDay6" */;
			compatibilityVersion = "Xcode 9.3";
			developmentRegion = en;
			hasScannedForEncodings = 0;
			knownRegions = (
				en,
				Base,
			);
			mainGroup = 1F70FC1324FCE95A00FAEB6B;
			productRefGroup = 1F70FC1D24FCE95A00FAEB6B /* Products */;
			projectDirPath = "";
			projectRoot = "";
			targets = (
				1F70FC1B24FCE95A00FAEB6B /* SwiftUIDay6 */,
				1F70FC3124FCE95C00FAEB6B /* SwiftUIDay6Tests */,
				1F70FC3C24FCE95C00FAEB6B /* SwiftUIDay6UITests */,
			);
		};
/* End PBXProject section */

/* Begin PBXResourcesBuildPhase section */
		1F70FC1A24FCE95A00FAEB6B /* Resources */ = {
			isa = PBXResourcesBuildPhase;
			buildActionMask = 2147483647;
			files = (
				1F70FC2C24FCE95B00FAEB6B /* LaunchScreen.storyboard in Resources */,
				1F70FC2924FCE95B00FAEB6B /* Preview Assets.xcassets in Resources */,
				1F70FC2624FCE95B00FAEB6B /* Assets.xcassets in Resources */,
			);
			runOnlyForDeploymentPostprocessing = 0;
		};
		1F70FC3024FCE95C00FAEB6B /* Resources */ = {
			isa = PBXResourcesBuildPhase;
			buildActionMask = 2147483647;
			files = (
			);
			runOnlyForDeploymentPostprocessing = 0;
		};
		1F70FC3B24FCE95C00FAEB6B /* Resources */ = {
			isa = PBXResourcesBuildPhase;
			buildActionMask = 2147483647;
			files = (
			);
			runOnlyForDeploymentPostprocessing = 0;
		};
/* End PBXResourcesBuildPhase section */

/* Begin PBXSourcesBuildPhase section */
		1F70FC1824FCE95A00FAEB6B /* Sources */ = {
			isa = PBXSourcesBuildPhase;
			buildActionMask = 2147483647;
			files = (
				1F70FC2024FCE95A00FAEB6B /* AppDelegate.swift in Sources */,
				1F70FC2224FCE95A00FAEB6B /* SceneDelegate.swift in Sources */,
				1F70FC2424FCE95A00FAEB6B /* ContentView.swift in Sources */,
			);
			runOnlyForDeploymentPostprocessing = 0;
		};
		1F70FC2E24FCE95C00FAEB6B /* Sources */ = {
			isa = PBXSourcesBuildPhase;
			buildActionMask = 2147483647;
			files = (
				1F70FC3724FCE95C00FAEB6B /* SwiftUIDay6Tests.swift in Sources */,
			);
			runOnlyForDeploymentPostprocessing = 0;
		};
		1F70FC3924FCE95C00FAEB6B /* Sources */ = {
			isa = PBXSourcesBuildPhase;
			buildActionMask = 2147483647;
			files = (
				1F70FC4224FCE95C00FAEB6B /* SwiftUIDay6UITests.swift in Sources */,
			);
			runOnlyForDeploymentPostprocessing = 0;
		};
/* End PBXSourcesBuildPhase section */

/* Begin PBXTargetDependency section */
		1F70FC3424FCE95C00FAEB6B /* PBXTargetDependency */ = {
			isa = PBXTargetDependency;
			target = 1F70FC1B24FCE95A00FAEB6B /* SwiftUIDay6 */;
			targetProxy = 1F70FC3324FCE95C00FAEB6B /* PBXContainerItemProxy */;
		};
		1F70FC3F24FCE95C00FAEB6B /* PBXTargetDependency */ = {
			isa = PBXTargetDependency;
			target = 1F70FC1B24FCE95A00FAEB6B /* SwiftUIDay6 */;
			targetProxy = 1F70FC3E24FCE95C00FAEB6B /* PBXContainerItemProxy */;
		};
/* End PBXTargetDependency section */

/* Begin PBXVariantGroup section */
		1F70FC2A24FCE95B00FAEB6B /* LaunchScreen.storyboard */ = {
			isa = PBXVariantGroup;
			children = (
				1F70FC2B24FCE95B00FAEB6B /* Base */,
			);
			name = LaunchScreen.storyboard;
			sourceTree = "<group>";
		};
/* End PBXVariantGroup section */

/* Begin XCBuildConfiguration section */
		1F70FC4424FCE95C00FAEB6B /* Debug */ = {
			isa = XCBuildConfiguration;
			buildSettings = {
				ALWAYS_SEARCH_USER_PATHS = NO;
				CLANG_ANALYZER_NONNULL = YES;
				CLANG_ANALYZER_NUMBER_OBJECT_CONVERSION = YES_AGGRESSIVE;
				CLANG_CXX_LANGUAGE_STANDARD = "gnu++14";
				CLANG_CXX_LIBRARY = "libc++";
				CLANG_ENABLE_MODULES = YES;
				CLANG_ENABLE_OBJC_ARC = YES;
				CLANG_ENABLE_OBJC_WEAK = YES;
				CLANG_WARN_BLOCK_CAPTURE_AUTORELEASING = YES;
				CLANG_WARN_BOOL_CONVERSION = YES;
				CLANG_WARN_COMMA = YES;
				CLANG_WARN_CONSTANT_CONVERSION = YES;
				CLANG_WARN_DEPRECATED_OBJC_IMPLEMENTATIONS = YES;
				CLANG_WARN_DIRECT_OBJC_ISA_USAGE = YES_ERROR;
				CLANG_WARN_DOCUMENTATION_COMMENTS = YES;
				CLANG_WARN_EMPTY_BODY = YES;
				CLANG_WARN_ENUM_CONVERSION = YES;
				CLANG_WARN_INFINITE_RECURSION = YES;
				CLANG_WARN_INT_CONVERSION = YES;
				CLANG_WARN_NON_LITERAL_NULL_CONVERSION = YES;
				CLANG_WARN_OBJC_IMPLICIT_RETAIN_SELF = YES;
				CLANG_WARN_OBJC_LITERAL_CONVERSION = YES;
				CLANG_WARN_OBJC_ROOT_CLASS = YES_ERROR;
				CLANG_WARN_RANGE_LOOP_ANALYSIS = YES;
				CLANG_WARN_STRICT_PROTOTYPES = YES;
				CLANG_WARN_SUSPICIOUS_MOVE = YES;
				CLANG_WARN_UNGUARDED_AVAILABILITY = YES_AGGRESSIVE;
				CLANG_WARN_UNREACHABLE_CODE = YES;
				CLANG_WARN__DUPLICATE_METHOD_MATCH = YES;
				COPY_PHASE_STRIP = NO;
				DEBUG_INFORMATION_FORMAT = dwarf;
				ENABLE_STRICT_OBJC_MSGSEND = YES;
				ENABLE_TESTABILITY = YES;
				GCC_C_LANGUAGE_STANDARD = gnu11;
				GCC_DYNAMIC_NO_PIC = NO;
				GCC_NO_COMMON_BLOCKS = YES;
				GCC_OPTIMIZATION_LEVEL = 0;
				GCC_PREPROCESSOR_DEFINITIONS = (
					"DEBUG=1",
					"$(inherited)",
				);
				GCC_WARN_64_TO_32_BIT_CONVERSION = YES;
				GCC_WARN_ABOUT_RETURN_TYPE = YES_ERROR;
				GCC_WARN_UNDECLARED_SELECTOR = YES;
				GCC_WARN_UNINITIALIZED_AUTOS = YES_AGGRESSIVE;
				GCC_WARN_UNUSED_FUNCTION = YES;
				GCC_WARN_UNUSED_VARIABLE = YES;
				IPHONEOS_DEPLOYMENT_TARGET = 13.5;
				MTL_ENABLE_DEBUG_INFO = INCLUDE_SOURCE;
				MTL_FAST_MATH = YES;
				ONLY_ACTIVE_ARCH = YES;
				SDKROOT = iphoneos;
				SWIFT_ACTIVE_COMPILATION_CONDITIONS = DEBUG;
				SWIFT_OPTIMIZATION_LEVEL = "-Onone";
			};
			name = Debug;
		};
		1F70FC4524FCE95C00FAEB6B /* Release */ = {
			isa = XCBuildConfiguration;
			buildSettings = {
				ALWAYS_SEARCH_USER_PATHS = NO;
				CLANG_ANALYZER_NONNULL = YES;
				CLANG_ANALYZER_NUMBER_OBJECT_CONVERSION = YES_AGGRESSIVE;
				CLANG_CXX_LANGUAGE_STANDARD = "gnu++14";
				CLANG_CXX_LIBRARY = "libc++";
				CLANG_ENABLE_MODULES = YES;
				CLANG_ENABLE_OBJC_ARC = YES;
				CLANG_ENABLE_OBJC_WEAK = YES;
				CLANG_WARN_BLOCK_CAPTURE_AUTORELEASING = YES;
				CLANG_WARN_BOOL_CONVERSION = YES;
				CLANG_WARN_COMMA = YES;
				CLANG_WARN_CONSTANT_CONVERSION = YES;
				CLANG_WARN_DEPRECATED_OBJC_IMPLEMENTATIONS = YES;
				CLANG_WARN_DIRECT_OBJC_ISA_USAGE = YES_ERROR;
				CLANG_WARN_DOCUMENTATION_COMMENTS = YES;
				CLANG_WARN_EMPTY_BODY = YES;
				CLANG_WARN_ENUM_CONVERSION = YES;
				CLANG_WARN_INFINITE_RECURSION = YES;
				CLANG_WARN_INT_CONVERSION = YES;
				CLANG_WARN_NON_LITERAL_NULL_CONVERSION = YES;
				CLANG_WARN_OBJC_IMPLICIT_RETAIN_SELF = YES;
				CLANG_WARN_OBJC_LITERAL_CONVERSION = YES;
				CLANG_WARN_OBJC_ROOT_CLASS = YES_ERROR;
				CLANG_WARN_RANGE_LOOP_ANALYSIS = YES;
				CLANG_WARN_STRICT_PROTOTYPES = YES;
				CLANG_WARN_SUSPICIOUS_MOVE = YES;
				CLANG_WARN_UNGUARDED_AVAILABILITY = YES_AGGRESSIVE;
				CLANG_WARN_UNREACHABLE_CODE = YES;
				CLANG_WARN__DUPLICATE_METHOD_MATCH = YES;
				COPY_PHASE_STRIP = NO;
				DEBUG_INFORMATION_FORMAT = "dwarf-with-dsym";
				ENABLE_NS_ASSERTIONS = NO;
				ENABLE_STRICT_OBJC_MSGSEND = YES;
				GCC_C_LANGUAGE_STANDARD = gnu11;
				GCC_NO_COMMON_BLOCKS = YES;
				GCC_WARN_64_TO_32_BIT_CONVERSION = YES;
				GCC_WARN_ABOUT_RETURN_TYPE = YES_ERROR;
				GCC_WARN_UNDECLARED_SELECTOR = YES;
				GCC_WARN_UNINITIALIZED_AUTOS = YES_AGGRESSIVE;
				GCC_WARN_UNUSED_FUNCTION = YES;
				GCC_WARN_UNUSED_VARIABLE = YES;
				IPHONEOS_DEPLOYMENT_TARGET = 13.5;
				MTL_ENABLE_DEBUG_INFO = NO;
				MTL_FAST_MATH = YES;
				SDKROOT = iphoneos;
				SWIFT_COMPILATION_MODE = wholemodule;
				SWIFT_OPTIMIZATION_LEVEL = "-O";
				VALIDATE_PRODUCT = YES;
			};
			name = Release;
		};
		1F70FC4724FCE95C00FAEB6B /* Debug */ = {
			isa = XCBuildConfiguration;
			buildSettings = {
				ASSETCATALOG_COMPILER_APPICON_NAME = AppIcon;
				CODE_SIGN_STYLE = Automatic;
				DEVELOPMENT_ASSET_PATHS = "\"SwiftUIDay6/Preview Content\"";
				DEVELOPMENT_TEAM = XF66VVD4LB;
				ENABLE_PREVIEWS = YES;
				INFOPLIST_FILE = SwiftUIDay6/Info.plist;
				LD_RUNPATH_SEARCH_PATHS = (
					"$(inherited)",
					"@executable_path/Frameworks",
				);
				PRODUCT_BUNDLE_IDENTIFIER = shaikha.Aljenaidel.SwiftUIDay6;
				PRODUCT_NAME = "$(TARGET_NAME)";
				SWIFT_VERSION = 5.0;
				TARGETED_DEVICE_FAMILY = "1,2";
			};
			name = Debug;
		};
		1F70FC4824FCE95C00FAEB6B /* Release */ = {
			isa = XCBuildConfiguration;
			buildSettings = {
				ASSETCATALOG_COMPILER_APPICON_NAME = AppIcon;
				CODE_SIGN_STYLE = Automatic;
				DEVELOPMENT_ASSET_PATHS = "\"SwiftUIDay6/Preview Content\"";
				DEVELOPMENT_TEAM = XF66VVD4LB;
				ENABLE_PREVIEWS = YES;
				INFOPLIST_FILE = SwiftUIDay6/Info.plist;
				LD_RUNPATH_SEARCH_PATHS = (
					"$(inherited)",
					"@executable_path/Frameworks",
				);
				PRODUCT_BUNDLE_IDENTIFIER = shaikha.Aljenaidel.SwiftUIDay6;
				PRODUCT_NAME = "$(TARGET_NAME)";
				SWIFT_VERSION = 5.0;
				TARGETED_DEVICE_FAMILY = "1,2";
			};
			name = Release;
		};
		1F70FC4A24FCE95C00FAEB6B /* Debug */ = {
			isa = XCBuildConfiguration;
			buildSettings = {
				ALWAYS_EMBED_SWIFT_STANDARD_LIBRARIES = YES;
				BUNDLE_LOADER = "$(TEST_HOST)";
				CODE_SIGN_STYLE = Automatic;
				DEVELOPMENT_TEAM = XF66VVD4LB;
				INFOPLIST_FILE = SwiftUIDay6Tests/Info.plist;
				IPHONEOS_DEPLOYMENT_TARGET = 13.5;
				LD_RUNPATH_SEARCH_PATHS = (
					"$(inherited)",
					"@executable_path/Frameworks",
					"@loader_path/Frameworks",
				);
				PRODUCT_BUNDLE_IDENTIFIER = shaikha.Aljenaidel.SwiftUIDay6Tests;
				PRODUCT_NAME = "$(TARGET_NAME)";
				SWIFT_VERSION = 5.0;
				TARGETED_DEVICE_FAMILY = "1,2";
				TEST_HOST = "$(BUILT_PRODUCTS_DIR)/SwiftUIDay6.app/SwiftUIDay6";
			};
			name = Debug;
		};
		1F70FC4B24FCE95C00FAEB6B /* Release */ = {
			isa = XCBuildConfiguration;
			buildSettings = {
				ALWAYS_EMBED_SWIFT_STANDARD_LIBRARIES = YES;
				BUNDLE_LOADER = "$(TEST_HOST)";
				CODE_SIGN_STYLE = Automatic;
				DEVELOPMENT_TEAM = XF66VVD4LB;
				INFOPLIST_FILE = SwiftUIDay6Tests/Info.plist;
				IPHONEOS_DEPLOYMENT_TARGET = 13.5;
				LD_RUNPATH_SEARCH_PATHS = (
					"$(inherited)",
					"@executable_path/Frameworks",
					"@loader_path/Frameworks",
				);
				PRODUCT_BUNDLE_IDENTIFIER = shaikha.Aljenaidel.SwiftUIDay6Tests;
				PRODUCT_NAME = "$(TARGET_NAME)";
				SWIFT_VERSION = 5.0;
				TARGETED_DEVICE_FAMILY = "1,2";
				TEST_HOST = "$(BUILT_PRODUCTS_DIR)/SwiftUIDay6.app/SwiftUIDay6";
			};
			name = Release;
		};
		1F70FC4D24FCE95C00FAEB6B /* Debug */ = {
			isa = XCBuildConfiguration;
			buildSettings = {
				ALWAYS_EMBED_SWIFT_STANDARD_LIBRARIES = YES;
				CODE_SIGN_STYLE = Automatic;
				DEVELOPMENT_TEAM = XF66VVD4LB;
				INFOPLIST_FILE = SwiftUIDay6UITests/Info.plist;
				LD_RUNPATH_SEARCH_PATHS = (
					"$(inherited)",
					"@executable_path/Frameworks",
					"@loader_path/Frameworks",
				);
				PRODUCT_BUNDLE_IDENTIFIER = shaikha.Aljenaidel.SwiftUIDay6UITests;
				PRODUCT_NAME = "$(TARGET_NAME)";
				SWIFT_VERSION = 5.0;
				TARGETED_DEVICE_FAMILY = "1,2";
				TEST_TARGET_NAME = SwiftUIDay6;
			};
			name = Debug;
		};
		1F70FC4E24FCE95C00FAEB6B /* Release */ = {
			isa = XCBuildConfiguration;
			buildSettings = {
				ALWAYS_EMBED_SWIFT_STANDARD_LIBRARIES = YES;
				CODE_SIGN_STYLE = Automatic;
				DEVELOPMENT_TEAM = XF66VVD4LB;
				INFOPLIST_FILE = SwiftUIDay6UITests/Info.plist;
				LD_RUNPATH_SEARCH_PATHS = (
					"$(inherited)",
					"@executable_path/Frameworks",
					"@loader_path/Frameworks",
				);
				PRODUCT_BUNDLE_IDENTIFIER = shaikha.Aljenaidel.SwiftUIDay6UITests;
				PRODUCT_NAME = "$(TARGET_NAME)";
				SWIFT_VERSION = 5.0;
				TARGETED_DEVICE_FAMILY = "1,2";
				TEST_TARGET_NAME = SwiftUIDay6;
			};
			name = Release;
		};
/* End XCBuildConfiguration section */

/* Begin XCConfigurationList section */
		1F70FC1724FCE95A00FAEB6B /* Build configuration list for PBXProject "SwiftUIDay6" */ = {
			isa = XCConfigurationList;
			buildConfigurations = (
				1F70FC4424FCE95C00FAEB6B /* Debug */,
				1F70FC4524FCE95C00FAEB6B /* Release */,
			);
			defaultConfigurationIsVisible = 0;
			defaultConfigurationName = Release;
		};
		1F70FC4624FCE95C00FAEB6B /* Build configuration list for PBXNativeTarget "SwiftUIDay6" */ = {
			isa = XCConfigurationList;
			buildConfigurations = (
				1F70FC4724FCE95C00FAEB6B /* Debug */,
				1F70FC4824FCE95C00FAEB6B /* Release */,
			);
			defaultConfigurationIsVisible = 0;
			defaultConfigurationName = Release;
		};
		1F70FC4924FCE95C00FAEB6B /* Build configuration list for PBXNativeTarget "SwiftUIDay6Tests" */ = {
			isa = XCConfigurationList;
			buildConfigurations = (
				1F70FC4A24FCE95C00FAEB6B /* Debug */,
				1F70FC4B24FCE95C00FAEB6B /* Release */,
			);
			defaultConfigurationIsVisible = 0;
			defaultConfigurationName = Release;
		};
		1F70FC4C24FCE95C00FAEB6B /* Build configuration list for PBXNativeTarget "SwiftUIDay6UITests" */ = {
			isa = XCConfigurationList;
			buildConfigurations = (
				1F70FC4D24FCE95C00FAEB6B /* Debug */,
				1F70FC4E24FCE95C00FAEB6B /* Release */,
			);
			defaultConfigurationIsVisible = 0;
			defaultConfigurationName = Release;
		};
/* End XCConfigurationList section */
	};
	rootObject = 1F70FC1424FCE95A00FAEB6B /* Project object */;
}
